{
  "version": "2",
  "remote": {
    "https://deno.land/std@0.108.0/_util/assert.ts": "2f868145a042a11d5ad0a3c748dcf580add8a0dbc0e876eaa0026303a5488f58",
    "https://deno.land/std@0.108.0/_util/os.ts": "dfb186cc4e968c770ab6cc3288bd65f4871be03b93beecae57d657232ecffcac",
    "https://deno.land/std@0.108.0/bytes/bytes_list.ts": "3bff6a09c72b2e0b1e92e29bd3b135053894196cca07a2bba842901073efe5cb",
    "https://deno.land/std@0.108.0/bytes/mod.ts": "440684e07e8f57a19a43b34d57eb63af0b36fc92b6657b6dcdbf9d5612d62e29",
    "https://deno.land/std@0.108.0/flags/mod.ts": "5bd80147c97e481efcc4c041096c6c1a1393248e2849ccd571269d62c2634cbe",
    "https://deno.land/std@0.108.0/fmt/colors.ts": "8368ddf2d48dfe413ffd04cdbb7ae6a1009cf0dccc9c7ff1d76259d9c61a0621",
    "https://deno.land/std@0.108.0/fs/_util.ts": "f2ce811350236ea8c28450ed822a5f42a0892316515b1cd61321dec13569c56b",
    "https://deno.land/std@0.108.0/fs/copy.ts": "631bbafbfe6cba282158abc8aeb7e8251cc69a7ec28ce12878ea1b75fec2add4",
    "https://deno.land/std@0.108.0/fs/empty_dir.ts": "5f08b263dd064dc7917c4bbeb13de0f5505a664b9cdfe312fa86e7518cfaeb84",
    "https://deno.land/std@0.108.0/fs/ensure_dir.ts": "b7c103dc41a3d1dbbb522bf183c519c37065fdc234831a4a0f7d671b1ed5fea7",
    "https://deno.land/std@0.108.0/fs/ensure_file.ts": "c06031af24368e80c330897e4b8e9109efc8602ffabc8f3e2306be07529e1d13",
    "https://deno.land/std@0.108.0/fs/ensure_link.ts": "26e54363508b822afd87a3f6e873bbbcd6b5993dd638f8170758c16262a75065",
    "https://deno.land/std@0.108.0/fs/ensure_symlink.ts": "c07b6d19ef58b6f5c671ffa942e7f9be50315f4f78e2f9f511626fd2e13beccc",
    "https://deno.land/std@0.108.0/fs/eol.ts": "afaebaaac36f48c423b920c836551997715672b80a0fee9aa7667c181a94f2df",
    "https://deno.land/std@0.108.0/fs/exists.ts": "b0d2e31654819cc2a8d37df45d6b14686c0cc1d802e9ff09e902a63e98b85a00",
    "https://deno.land/std@0.108.0/fs/expand_glob.ts": "756e8f9a06cd25e05f62b2941657f6f3fc73563bf77f14edaa472eaf9949910e",
    "https://deno.land/std@0.108.0/fs/mod.ts": "26eee4b52a8c516e37d464094b080ff6822883e7f01ff0ba0a72b8dcd54b9927",
    "https://deno.land/std@0.108.0/fs/move.ts": "4623058e39bbbeb3ad30aeff9c974c55d2d574ad7c480295c12b04c244686a99",
    "https://deno.land/std@0.108.0/fs/walk.ts": "f633829f967d2979ab285dbfb09eb0d7d000fd175b95156b63fcede435d1a807",
    "https://deno.land/std@0.108.0/io/buffer.ts": "3ead6bb11276ebcf093c403f74f67fd2205a515dbbb9061862c468ca56f37cd8",
    "https://deno.land/std@0.108.0/io/bufio.ts": "988237679157f1331a1e81afeac42f8364ab8dc583380d67db7e4cbad3e22e81",
    "https://deno.land/std@0.108.0/io/types.d.ts": "89a27569399d380246ca7cdd9e14d5e68459f11fb6110790cc5ecbd4ee7f3215",
    "https://deno.land/std@0.108.0/io/util.ts": "85c33d61b20fd706acc094fe80d4c8ae618b04abcf3a96ca2b47071842c1c8ac",
    "https://deno.land/std@0.108.0/log/handlers.ts": "cc4db62729e10a350a9b096adc8df60f4f16708c626a382502f8be1e2e230039",
    "https://deno.land/std@0.108.0/log/levels.ts": "088a883039ece5fa0da5f74bc7688654045ea7cb01bf200b438191a28d728eae",
    "https://deno.land/std@0.108.0/log/logger.ts": "6b2dd8cbe6f407100b9becfe61595d7681f8ce3692412fad843de84d617a038e",
    "https://deno.land/std@0.108.0/log/mod.ts": "9393719dafdb360620ea9222c0ce0db35a0ebb0d49ea6d5c30406f332d2be334",
    "https://deno.land/std@0.108.0/path/_constants.ts": "1247fee4a79b70c89f23499691ef169b41b6ccf01887a0abd131009c5581b853",
    "https://deno.land/std@0.108.0/path/_interface.ts": "1fa73b02aaa24867e481a48492b44f2598cd9dfa513c7b34001437007d3642e4",
    "https://deno.land/std@0.108.0/path/_util.ts": "2e06a3b9e79beaf62687196bd4b60a4c391d862cfa007a20fc3a39f778ba073b",
    "https://deno.land/std@0.108.0/path/common.ts": "f41a38a0719a1e85aa11c6ba3bea5e37c15dd009d705bd8873f94c833568cbc4",
    "https://deno.land/std@0.108.0/path/glob.ts": "46708a3249cb5dc4a116cae3055114d6339bd5f0c1f412db6a4e0cb44c828a7d",
    "https://deno.land/std@0.108.0/path/mod.ts": "4465dc494f271b02569edbb4a18d727063b5dbd6ed84283ff906260970a15d12",
    "https://deno.land/std@0.108.0/path/posix.ts": "34349174b9cd121625a2810837a82dd8b986bbaaad5ade690d1de75bbb4555b2",
    "https://deno.land/std@0.108.0/path/separator.ts": "8fdcf289b1b76fd726a508f57d3370ca029ae6976fcde5044007f062e643ff1c",
    "https://deno.land/std@0.108.0/path/win32.ts": "2edb2f71f10578ee1168de01a8cbd3c65483e45a46bc2fa3156a0c6bfbd2720d",
    "https://deno.land/std@0.108.0/testing/_diff.ts": "ccd6c3af6e44c74bf1591acb1361995f5f50df64323a6e7fb3f16c8ea792c940",
    "https://deno.land/std@0.108.0/testing/asserts.ts": "6b0d6ba564bdff807bd0f0e93e02c48aa3177acf19416bf84a7f420191ef74cd",
    "https://deno.land/std@0.183.0/_util/asserts.ts": "178dfc49a464aee693a7e285567b3d0b555dc805ff490505a8aae34f9cfb1462",
    "https://deno.land/std@0.183.0/_util/os.ts": "d932f56d41e4f6a6093d56044e29ce637f8dcc43c5a90af43504a889cf1775e3",
    "https://deno.land/std@0.183.0/fs/_util.ts": "579038bebc3bd35c43a6a7766f7d91fbacdf44bc03468e9d3134297bb99ed4f9",
    "https://deno.land/std@0.183.0/fs/walk.ts": "920be35a7376db6c0b5b1caf1486fb962925e38c9825f90367f8f26b5e5d0897",
    "https://deno.land/std@0.183.0/path/_constants.ts": "e49961f6f4f48039c0dfed3c3f93e963ca3d92791c9d478ac5b43183413136e0",
    "https://deno.land/std@0.183.0/path/_interface.ts": "6471159dfbbc357e03882c2266d21ef9afdb1e4aa771b0545e90db58a0ba314b",
    "https://deno.land/std@0.183.0/path/_util.ts": "d7abb1e0dea065f427b89156e28cdeb32b045870acdf865833ba808a73b576d0",
    "https://deno.land/std@0.183.0/path/common.ts": "ee7505ab01fd22de3963b64e46cff31f40de34f9f8de1fff6a1bd2fe79380000",
    "https://deno.land/std@0.183.0/path/glob.ts": "d479e0a695621c94d3fd7fe7abd4f9499caf32a8de13f25073451c6ef420a4e1",
    "https://deno.land/std@0.183.0/path/mod.ts": "bf718f19a4fdd545aee1b06409ca0805bd1b68ecf876605ce632e932fe54510c",
    "https://deno.land/std@0.183.0/path/posix.ts": "8b7c67ac338714b30c816079303d0285dd24af6b284f7ad63da5b27372a2c94d",
    "https://deno.land/std@0.183.0/path/separator.ts": "0fb679739d0d1d7bf45b68dacfb4ec7563597a902edbaf3c59b50d5bcadd93b1",
    "https://deno.land/std@0.183.0/path/win32.ts": "d186344e5583bcbf8b18af416d13d82b35a317116e6460a5a3953508c3de5bba",
    "https://deno.land/x/date_fns@v2.15.0/_lib/addLeadingZeros/index.js": "2678175ae21bc13620cba3b46d0d82ce79569989e8a250893a0509091b8ec670",
    "https://deno.land/x/date_fns@v2.15.0/_lib/format/formatters/index.js": "38686fe8521f5e1a82849be022fbbc2194313d961508e6496be5a9ba3b5c46fc",
    "https://deno.land/x/date_fns@v2.15.0/_lib/format/lightFormatters/index.js": "983da47ca7bee20bf418634ab4855e25a7bf7476b50f52145f02e0159126fc2e",
    "https://deno.land/x/date_fns@v2.15.0/_lib/format/longFormatters/index.js": "ae386e1701ed0a6a5e3bd4bc831e2e5902ec44099415771dae519c51abcbda58",
    "https://deno.land/x/date_fns@v2.15.0/_lib/getTimezoneOffsetInMilliseconds/index.js": "e41d3ec801898b3becca059a43ed5a29c77c8be488e4cb5358a791cba1e4a5f8",
    "https://deno.land/x/date_fns@v2.15.0/_lib/getUTCDayOfYear/index.js": "2e05569370f8362fa62c6c800eb78afde0a335e2eb41fc63de9c4466f1e7d74c",
    "https://deno.land/x/date_fns@v2.15.0/_lib/getUTCISOWeek/index.js": "3cc09c4cf171e352454ce95041ce7211d61ccb2153fb58c26f5603252ce00652",
    "https://deno.land/x/date_fns@v2.15.0/_lib/getUTCISOWeekYear/index.js": "7fec210bcee683f0d80d7925b08d1943bdcf7abfdf7a7db17b4fb55da57b0817",
    "https://deno.land/x/date_fns@v2.15.0/_lib/getUTCWeek/index.js": "2efc2298d8e495a35e409cfb2ee7323de471e1ddfca1bc7c2a69452c5d4dabe7",
    "https://deno.land/x/date_fns@v2.15.0/_lib/getUTCWeekYear/index.js": "6291c378532f46cf1ab8977a1ad62cb0650da4ae538015ecdaaa6da817b9044d",
    "https://deno.land/x/date_fns@v2.15.0/_lib/protectedTokens/index.js": "b804f2b7c20ef23de158e307915b187a0e9a2eaf28c73747f9250cb4d530f923",
    "https://deno.land/x/date_fns@v2.15.0/_lib/requiredArgs/index.js": "44c517b5d588afb38b4474d924d6fdd4657032b68fde4129dc633daa06f9e762",
    "https://deno.land/x/date_fns@v2.15.0/_lib/startOfUTCISOWeek/index.js": "fbf0d8186f6840f9ea5927349f9a7a2ff0f96550f047271c103529bc540fe960",
    "https://deno.land/x/date_fns@v2.15.0/_lib/startOfUTCISOWeekYear/index.js": "c4b9466408c0c407d022f6793cf03dac4548dbb46655646cae2f8a1683157af9",
    "https://deno.land/x/date_fns@v2.15.0/_lib/startOfUTCWeek/index.js": "b33bd391fa0e24817d09c65f4595877cfcd6d851cd2cb084105db6d82740b6b6",
    "https://deno.land/x/date_fns@v2.15.0/_lib/startOfUTCWeekYear/index.js": "d5cad41db1a08ff2557dbaa7cc1a4a15af6be80fbc71dd20e2be360fc84ff2b0",
    "https://deno.land/x/date_fns@v2.15.0/_lib/toInteger/index.js": "901c26d00ba9db574e25ad31dedfad87aad17a47771a5f9bb2ff5589b3fcb8d2",
    "https://deno.land/x/date_fns@v2.15.0/addMilliseconds/index.js": "b6881fc60fd8b6e4a622d62e3411c9ac37032e653f94800b9e0b689b2fefa4ba",
    "https://deno.land/x/date_fns@v2.15.0/format/index.js": "ff4e614d8dd66b854067ee96209a6ded073d85e00021093e24f66220c2ec8640",
    "https://deno.land/x/date_fns@v2.15.0/isValid/index.js": "af20dcc26a8828875f2a0a98537ba978abc43a4648acbc9321f3d5588c4dbee1",
    "https://deno.land/x/date_fns@v2.15.0/locale/_lib/buildFormatLongFn/index.js": "2ea8f11006f8f48ac65ded35a5dd8ac837f2aad1d73f482730a9bf0491c6e4f1",
    "https://deno.land/x/date_fns@v2.15.0/locale/_lib/buildLocalizeFn/index.js": "0a7e6ce85d2c3046007a2fb08cb9fb45e9300da522d9cad66cc8ad4fb75d1205",
    "https://deno.land/x/date_fns@v2.15.0/locale/_lib/buildMatchFn/index.js": "bc722f6415ecceadac57d4e80125e7b4f496166b8fee1351a1abad9e895bddcc",
    "https://deno.land/x/date_fns@v2.15.0/locale/_lib/buildMatchPatternFn/index.js": "1291177be2caba2db8692a054e47dc17e0cd43250b2a1da57c30d3d4d72c4cc8",
    "https://deno.land/x/date_fns@v2.15.0/locale/en-US/_lib/formatDistance/index.js": "09d3fbdd422d8019ab813e299ae5d14ac258ef897498267556e13dbad41ea561",
    "https://deno.land/x/date_fns@v2.15.0/locale/en-US/_lib/formatLong/index.js": "52fb74d1bc611b8f3ccd87988fc024cf3e9159faf7628603da71cb7bc756bc13",
    "https://deno.land/x/date_fns@v2.15.0/locale/en-US/_lib/formatRelative/index.js": "31d02ce6bbf4d7ebd2abb2fcbb8a6204759a1f142353e8500317371730b1db0b",
    "https://deno.land/x/date_fns@v2.15.0/locale/en-US/_lib/localize/index.js": "623f4a38b01dcdca56d1dfce7aa886b67560902f8b4fcb0e5d57f896fe438b0b",
    "https://deno.land/x/date_fns@v2.15.0/locale/en-US/_lib/match/index.js": "6b89f7ec4d1c87ddcd15702ef30789fb1624d6616bdaed303d522654f2f4c602",
    "https://deno.land/x/date_fns@v2.15.0/locale/en-US/index.js": "0f8be92f548a2141d7d75d7d538576ef1b0fc528d31f5916bf2105b57bb8b554",
    "https://deno.land/x/date_fns@v2.15.0/subMilliseconds/index.js": "6b72e0b48f92e5a52afffe9a474104eba5c8019e634c1bb869a1ea3bd9abf1a2",
    "https://deno.land/x/date_fns@v2.15.0/toDate/index.js": "aaf7583048e0187f55bea79882b27486b149a3e295fc0d115d7e2142e8a7cf78",
    "https://deno.land/x/deno_dom@v0.1.38/build/deno-wasm/deno-wasm.js": "98b1ad24a1c13284557917659402202e5c5258ab1431b3f3a82434ad36ffa05a",
    "https://deno.land/x/deno_dom@v0.1.38/deno-dom-wasm.ts": "bfd999a493a6974e9fca4d331bee03bfb68cfc600c662cd0b48b21d67a2a8ba0",
    "https://deno.land/x/deno_dom@v0.1.38/src/api.ts": "0ff5790f0a3eeecb4e00b7d8fbfa319b165962cf6d0182a65ba90f158d74f7d7",
    "https://deno.land/x/deno_dom@v0.1.38/src/constructor-lock.ts": "59714df7e0571ec7bd338903b1f396202771a6d4d7f55a452936bd0de9deb186",
    "https://deno.land/x/deno_dom@v0.1.38/src/deserialize.ts": "f4d34514ca00473ca428b69ad437ba345925744b5d791cb9552e2d7a0e7b0439",
    "https://deno.land/x/deno_dom@v0.1.38/src/dom/document-fragment.ts": "a40c6e18dd0efcf749a31552c1c9a6f7fa614452245e86ee38fc92ba0235e5ae",
    "https://deno.land/x/deno_dom@v0.1.38/src/dom/document.ts": "b8f4e4ccabaaa063d6562a0f2f8dea9c0419515d63d8bd79bfde95f7cd64bd93",
    "https://deno.land/x/deno_dom@v0.1.38/src/dom/dom-parser.ts": "609097b426f8c2358f3e5d2bca55ed026cf26cdf86562e94130dfdb0f2537f92",
    "https://deno.land/x/deno_dom@v0.1.38/src/dom/element.ts": "77c454e228dfeb5c570da5aa61d91850400116bfa0f5a85505acdd3c667171a4",
    "https://deno.land/x/deno_dom@v0.1.38/src/dom/elements/html-template-element.ts": "127bb291bb08afeb7e9a66294a5aa6ff2780f4eb4601fa6f7869fe8b70a81472",
    "https://deno.land/x/deno_dom@v0.1.38/src/dom/html-collection.ts": "ae90197f5270c32074926ad6cf30ee07d274d44596c7e413c354880cebce8565",
    "https://deno.land/x/deno_dom@v0.1.38/src/dom/node-list.ts": "4c6e4b4585301d4147addaccd90cb5f5a80e8d6290a1ba7058c5e3dfea16e15d",
    "https://deno.land/x/deno_dom@v0.1.38/src/dom/node.ts": "3069e6fc93ac4111a136ed68199d76673339842b9751610ba06f111ba7dc10a7",
    "https://deno.land/x/deno_dom@v0.1.38/src/dom/selectors/custom-api.ts": "852696bd58e534bc41bd3be9e2250b60b67cd95fd28ed16b1deff1d548531a71",
    "https://deno.land/x/deno_dom@v0.1.38/src/dom/selectors/nwsapi-types.ts": "c43b36c36acc5d32caabaa54fda8c9d239b2b0fcbce9a28efb93c84aa1021698",
    "https://deno.land/x/deno_dom@v0.1.38/src/dom/selectors/nwsapi.js": "985d7d8fc1eabbb88946b47a1c44c1b2d4aa79ff23c21424219f1528fa27a2ff",
    "https://deno.land/x/deno_dom@v0.1.38/src/dom/selectors/selectors.ts": "83eab57be2290fb48e3130533448c93c6c61239f2a2f3b85f1917f80ca0fdc75",
    "https://deno.land/x/deno_dom@v0.1.38/src/dom/selectors/sizzle-types.ts": "78149e2502409989ce861ed636b813b059e16bc267bb543e7c2b26ef43e4798b",
    "https://deno.land/x/deno_dom@v0.1.38/src/dom/selectors/sizzle.js": "c3aed60c1045a106d8e546ac2f85cc82e65f62d9af2f8f515210b9212286682a",
    "https://deno.land/x/deno_dom@v0.1.38/src/dom/utils-types.ts": "96db30e3e4a75b194201bb9fa30988215da7f91b380fca6a5143e51ece2a8436",
    "https://deno.land/x/deno_dom@v0.1.38/src/dom/utils.ts": "55f3e9dc71d6c4a54605888d3f99d26fb0cf9973924709f159252a6933ceeabe",
    "https://deno.land/x/deno_dom@v0.1.38/src/parser.ts": "b65eb7e673fa7ca611de871de109655f0aa9fa35ddc1de73df1a5fc2baafc332",
    "https://deno.land/x/rad@v6.9.1/src/3p/date-fns.ts": "d5f9914464bf8062581bbd62ffd436d8194d0ff3df3159356e019825f5dcc164",
    "https://deno.land/x/rad@v6.9.1/src/3p/std.ts": "189e6c64976500c28fbaf902221dd767164b0395d70df59f395a672b50c9c5c3",
    "https://deno.land/x/rad@v6.9.1/src/3p/treeify.js": "263ecb2448f0476521558060fcce6836105583541a330e7cbf9e6b8540fe9f24",
    "https://deno.land/x/rad@v6.9.1/src/Radness.ts": "4ea8c4ec4641baa10d9ebea0e8715e312b4a9d09a7fe7f6090ae14e2803c9dcc",
    "https://deno.land/x/rad@v6.9.1/src/Task.ts": "5dc9a17b944c8b868224c6f110068cca01aad0d204ffad311da217622805f434",
    "https://deno.land/x/rad@v6.9.1/src/TaskGraph.ts": "a9f6e0385b2458c4e0baf096423ef34b98a324d8fd7dd8ebe86948701f8b11e7",
    "https://deno.land/x/rad@v6.9.1/src/bin.ts": "9c68d2a99cea66f51a3c047733f12a3ccd6564249b89b652b1bd7503b6833825",
    "https://deno.land/x/rad@v6.9.1/src/errors.ts": "9ce0b97a0def2391d0fea4e0d423840c3e75e1f21126a24851e095e2b27e0071",
    "https://deno.land/x/rad@v6.9.1/src/logger.ts": "0203b0a7fea876f0e91ace15b3432f2bc93141d299edde5b83a7698110aa997d",
    "https://deno.land/x/rad@v6.9.1/src/mod.ts": "f0f579421329315c545e33230a57a68b3af9f2343e028daca7d969fb8ddb2d3d",
    "https://deno.land/x/rad@v6.9.1/src/util/fs.ts": "862ee66cfe3d7070da92f785bb04b318d5d262f0a599001258385c571327d597",
    "https://deno.land/x/rad@v6.9.1/src/util/glob.ts": "54a38f0036cf6b47be0716983345309db2612e31b0f2458503e63409e8387387",
    "https://deno.land/x/rad@v6.9.1/src/util/iterable.ts": "66b8233acebc46ca85cc8e53cba708e0fe3d4b56419fdfc7d6092575c7a3b5c7",
    "https://deno.land/x/rad@v6.9.1/src/util/last.ts": "ba6fd8680eef45eaf4efcde288ea571ace2c609d5d7a0541395d3ce1c9284e60",
    "https://deno.land/x/rad@v6.9.1/src/util/reroot.ts": "3d9d4fe1a7ab26c10adaa3473b7490a76ef62f592c6e0d66cd3974268c305560",
    "https://deno.land/x/rad@v6.9.1/src/util/sh.ts": "8233c7019e9181e0030bf16f5fb7da7dfc112c2ad4e4171499575964398b2f55",
    "https://deno.land/x/rad@v6.9.1/src/util/timer.ts": "c4178ebc9d21c791ecbae8c082a10c74f0ad9ace364d10e90058e3c73c574838",
    "https://deno.land/x/rad@v6.9.1/src/version.ts": "21d45c65aa01859054e9cba0339fe77e19693445f94ef8a37017903ae03a9c28"
  },
  "npm": {
    "specifiers": {
      "@djot/djot@0.2.2": "@djot/djot@0.2.2",
      "find-imports-ts@0.4.0": "find-imports-ts@0.4.0",
      "fp-ts@2.15.0": "fp-ts@2.15.0",
      "io-ts@2.2.20": "io-ts@2.2.20_fp-ts@2.15.0",
      "typescript@5.0.4": "typescript@5.0.4"
    },
    "packages": {
      "@djot/djot@0.2.2": {
        "integrity": "sha512-D2/a3BICF4DpcDb4I3yI7mboX/hsmZwiWbNylPEzQWGSxQGZxR1VQIOCUBDsi36pHaUOR4678281cx4kwGpTwA==",
        "dependencies": {}
      },
      "find-imports-ts@0.4.0": {
        "integrity": "sha512-DB5EBh4g/WKMJL5R8V/8m5Ogj69G59rI0J9hR+0GmLmMgiulM4Xpb3QSb5eSeFtdQTeRcaMAEsaly/5Y+1KH+Q==",
        "dependencies": {
          "typescript": "typescript@4.3.5"
        }
      },
      "fp-ts@2.15.0": {
        "integrity": "sha512-3o6EllAvGuCsDgjM+frscLKDRPR9pqbrg13tJ13z86F4eni913kBV8h85rM6zpu2fEvJ8RWA0ouYlUWwHEmxTg==",
        "dependencies": {}
      },
      "io-ts@2.2.20_fp-ts@2.15.0": {
        "integrity": "sha512-Rq2BsYmtwS5vVttie4rqrOCIfHCS9TgpRLFpKQCM1wZBBRY9nWVGmEvm2FnDbSE2un1UE39DvFpTR5UL47YDcA==",
        "dependencies": {
          "fp-ts": "fp-ts@2.15.0"
        }
      },
      "typescript@4.3.5": {
        "integrity": "sha512-DqQgihaQ9cUrskJo9kIyW/+g0Vxsk8cDtZ52a3NGh0YNTfpUSArXSohyUGnvbPazEPLu398C0UxmKSOrPumUzA==",
        "dependencies": {}
      },
      "typescript@5.0.4": {
        "integrity": "sha512-cW9T5W9xY37cc+jfEnaUvX91foxtHkza3Nw3wkoF4sSlKn0MONdkdEndig/qPBWXNkmplh3NzayQzCiHM4/hqw==",
        "dependencies": {}
      }
    }
  }
}
